
Microsoft Visual Studio Solution File, Format Version 12.00
Project("{FAE04EC0-301F-11D3-BF4B-00C04F79EFBC}") = "HomeworkAssignment.Database", "HomeworkAssignment.Database\HomeworkAssignment.Database.csproj", "{681E32BD-281B-4312-92E0-D40B3AF53A91}"
EndProject
Project("{2150E333-8FDC-42A3-9474-1A3956D46DE8}") = "src", "src", "{C5C0F829-1D76-48D1-8723-2FE9D314C741}"
EndProject
Project("{FAE04EC0-301F-11D3-BF4B-00C04F79EFBC}") = "HomeworkAssignment.Domain", "HomeworkAssignment.Domain\HomeworkAssignment.Domain.csproj", "{958EB26F-0A6D-435A-8870-39F82C52925F}"
EndProject
Project("{FAE04EC0-301F-11D3-BF4B-00C04F79EFBC}") = "HomeworkAssignment.DTOs", "HomeworkAssignment.DTOs\HomeworkAssignment.DTOs.csproj", "{641BCEA4-A032-445C-A432-1CBE6D786793}"
EndProject
Project("{FAE04EC0-301F-11D3-BF4B-00C04F79EFBC}") = "HomeworkAssignment.Persistence", "HomeworkAssignment.Persistence\HomeworkAssignment.Persistence.csproj", "{98981997-7EF8-4C76-AECF-0E040301FCB3}"
EndProject
Project("{FAE04EC0-301F-11D3-BF4B-00C04F79EFBC}") = "HomeworkAssignment.Application", "HomeworkAssignment.Application\HomeworkAssignment.Application.csproj", "{B87CECF0-0E74-4672-BDB2-A08B5B97BBD0}"
EndProject
Project("{FAE04EC0-301F-11D3-BF4B-00C04F79EFBC}") = "HomeworkAssignment.API", "HomeworkAssignment.API\HomeworkAssignment.API.csproj", "{45BE986A-D6F3-40FD-B979-AACED7FC4ABB}"
EndProject
Global
	GlobalSection(SolutionConfigurationPlatforms) = preSolution
		Debug|Any CPU = Debug|Any CPU
		Release|Any CPU = Release|Any CPU
	EndGlobalSection
	GlobalSection(ProjectConfigurationPlatforms) = postSolution
		{681E32BD-281B-4312-92E0-D40B3AF53A91}.Debug|Any CPU.ActiveCfg = Debug|Any CPU
		{681E32BD-281B-4312-92E0-D40B3AF53A91}.Debug|Any CPU.Build.0 = Debug|Any CPU
		{681E32BD-281B-4312-92E0-D40B3AF53A91}.Release|Any CPU.ActiveCfg = Release|Any CPU
		{681E32BD-281B-4312-92E0-D40B3AF53A91}.Release|Any CPU.Build.0 = Release|Any CPU
		{958EB26F-0A6D-435A-8870-39F82C52925F}.Debug|Any CPU.ActiveCfg = Debug|Any CPU
		{958EB26F-0A6D-435A-8870-39F82C52925F}.Debug|Any CPU.Build.0 = Debug|Any CPU
		{958EB26F-0A6D-435A-8870-39F82C52925F}.Release|Any CPU.ActiveCfg = Release|Any CPU
		{958EB26F-0A6D-435A-8870-39F82C52925F}.Release|Any CPU.Build.0 = Release|Any CPU
		{641BCEA4-A032-445C-A432-1CBE6D786793}.Debug|Any CPU.ActiveCfg = Debug|Any CPU
		{641BCEA4-A032-445C-A432-1CBE6D786793}.Debug|Any CPU.Build.0 = Debug|Any CPU
		{641BCEA4-A032-445C-A432-1CBE6D786793}.Release|Any CPU.ActiveCfg = Release|Any CPU
		{641BCEA4-A032-445C-A432-1CBE6D786793}.Release|Any CPU.Build.0 = Release|Any CPU
		{98981997-7EF8-4C76-AECF-0E040301FCB3}.Debug|Any CPU.ActiveCfg = Debug|Any CPU
		{98981997-7EF8-4C76-AECF-0E040301FCB3}.Debug|Any CPU.Build.0 = Debug|Any CPU
		{98981997-7EF8-4C76-AECF-0E040301FCB3}.Release|Any CPU.ActiveCfg = Release|Any CPU
		{98981997-7EF8-4C76-AECF-0E040301FCB3}.Release|Any CPU.Build.0 = Release|Any CPU
		{B87CECF0-0E74-4672-BDB2-A08B5B97BBD0}.Debug|Any CPU.ActiveCfg = Debug|Any CPU
		{B87CECF0-0E74-4672-BDB2-A08B5B97BBD0}.Debug|Any CPU.Build.0 = Debug|Any CPU
		{B87CECF0-0E74-4672-BDB2-A08B5B97BBD0}.Release|Any CPU.ActiveCfg = Release|Any CPU
		{B87CECF0-0E74-4672-BDB2-A08B5B97BBD0}.Release|Any CPU.Build.0 = Release|Any CPU
		{45BE986A-D6F3-40FD-B979-AACED7FC4ABB}.Debug|Any CPU.ActiveCfg = Debug|Any CPU
		{45BE986A-D6F3-40FD-B979-AACED7FC4ABB}.Debug|Any CPU.Build.0 = Debug|Any CPU
		{45BE986A-D6F3-40FD-B979-AACED7FC4ABB}.Release|Any CPU.ActiveCfg = Release|Any CPU
		{45BE986A-D6F3-40FD-B979-AACED7FC4ABB}.Release|Any CPU.Build.0 = Release|Any CPU
	EndGlobalSection
	GlobalSection(NestedProjects) = preSolution
		{681E32BD-281B-4312-92E0-D40B3AF53A91} = {C5C0F829-1D76-48D1-8723-2FE9D314C741}
		{958EB26F-0A6D-435A-8870-39F82C52925F} = {C5C0F829-1D76-48D1-8723-2FE9D314C741}
		{641BCEA4-A032-445C-A432-1CBE6D786793} = {C5C0F829-1D76-48D1-8723-2FE9D314C741}
		{98981997-7EF8-4C76-AECF-0E040301FCB3} = {C5C0F829-1D76-48D1-8723-2FE9D314C741}
		{B87CECF0-0E74-4672-BDB2-A08B5B97BBD0} = {C5C0F829-1D76-48D1-8723-2FE9D314C741}
		{45BE986A-D6F3-40FD-B979-AACED7FC4ABB} = {C5C0F829-1D76-48D1-8723-2FE9D314C741}
	EndGlobalSection
EndGlobal
